
Microsoft Visual Studio Solution File, Format Version 12.00
# Visual Studio 15
VisualStudioVersion = 15.0.28010.2050
MinimumVisualStudioVersion = 10.0.40219.1
Project("{8BC9CEB8-8B4A-11D0-8D11-00A0C91BC942}") = "girlfriend_homework", "girlfriend_homework.vcxproj", "{D02A1174-AD8C-4AE1-B68B-DFCA6C1A0AB2}"
EndProject
Global
	GlobalSection(SolutionConfigurationPlatforms) = preSolution
		Debug|x64 = Debug|x64
		Debug|x86 = Debug|x86
		Release|x64 = Release|x64
		Release|x86 = Release|x86
	EndGlobalSection
	GlobalSection(ProjectConfigurationPlatforms) = postSolution
		{D02A1174-AD8C-4AE1-B68B-DFCA6C1A0AB2}.Debug|x64.ActiveCfg = Debug|x64
		{D02A1174-AD8C-4AE1-B68B-DFCA6C1A0AB2}.Debug|x64.Build.0 = Debug|x64
		{D02A1174-AD8C-4AE1-B68B-DFCA6C1A0AB2}.Debug|x86.ActiveCfg = Debug|Win32
		{D02A1174-AD8C-4AE1-B68B-DFCA6C1A0AB2}.Debug|x86.Build.0 = Debug|Win32
		{D02A1174-AD8C-4AE1-B68B-DFCA6C1A0AB2}.Release|x64.ActiveCfg = Release|x64
		{D02A1174-AD8C-4AE1-B68B-DFCA6C1A0AB2}.Release|x64.Build.0 = Release|x64
		{D02A1174-AD8C-4AE1-B68B-DFCA6C1A0AB2}.Release|x86.ActiveCfg = Release|Win32
		{D02A1174-AD8C-4AE1-B68B-DFCA6C1A0AB2}.Release|x86.Build.0 = Release|Win32
	EndGlobalSection
	GlobalSection(SolutionProperties) = preSolution
		HideSolutionNode = FALSE
	EndGlobalSection
	GlobalSection(ExtensibilityGlobals) = postSolution
		SolutionGuid = {CDC7AEFD-0D3F-4C28-AE3B-B548BD4F775A}
	EndGlobalSection
EndGlobal
